// !$*UTF8*$!
{
	archiveVersion = 1;
	classes = {
	};
	objectVersion = 51;
	objects = {

/* Begin PBXBuildFile section */
		114A21B52424BC5300130233 /* Service.swift in Sources */ = {isa = PBXBuildFile; fileRef = 114A21B42424BC5300130233 /* Service.swift */; };
		114A21B62424BC5300130233 /* Service.swift in Sources */ = {isa = PBXBuildFile; fileRef = 114A21B42424BC5300130233 /* Service.swift */; };
		1151C1D42423C37600A54E90 /* CityWeatherCell.swift in Sources */ = {isa = PBXBuildFile; fileRef = 1151C1D32423C37600A54E90 /* CityWeatherCell.swift */; };
		1151C1D52423C37600A54E90 /* CityWeatherCell.swift in Sources */ = {isa = PBXBuildFile; fileRef = 1151C1D32423C37600A54E90 /* CityWeatherCell.swift */; };
		1151C1D62423C37600A54E90 /* CityWeatherCell.swift in Sources */ = {isa = PBXBuildFile; fileRef = 1151C1D32423C37600A54E90 /* CityWeatherCell.swift */; };
		116A3EA52426D57B00898E96 /* clear_day.mp4 in Resources */ = {isa = PBXBuildFile; fileRef = 116A3E992426BD0200898E96 /* clear_day.mp4 */; };
		116A3EA62426D57B00898E96 /* clear_night.mp4 in Resources */ = {isa = PBXBuildFile; fileRef = 116A3EA12426BD0300898E96 /* clear_night.mp4 */; };
		116A3EA72426D57B00898E96 /* cloudy_day.mp4 in Resources */ = {isa = PBXBuildFile; fileRef = 116A3E9D2426BD0300898E96 /* cloudy_day.mp4 */; };
		116A3EA82426D57B00898E96 /* cloudy_night.mp4 in Resources */ = {isa = PBXBuildFile; fileRef = 116A3EA32426BD0400898E96 /* cloudy_night.mp4 */; };
		116A3EA92426D57B00898E96 /* fog_day.mp4 in Resources */ = {isa = PBXBuildFile; fileRef = 116A3E922426BD0200898E96 /* fog_day.mp4 */; };
		116A3EAA2426D57B00898E96 /* fog_night.mp4 in Resources */ = {isa = PBXBuildFile; fileRef = 116A3E932426BD0200898E96 /* fog_night.mp4 */; };
		116A3EAB2426D57B00898E96 /* hot.mp4 in Resources */ = {isa = PBXBuildFile; fileRef = 116A3E9B2426BD0300898E96 /* hot.mp4 */; };
		116A3EAC2426D57B00898E96 /* partly_cloud_day.mp4 in Resources */ = {isa = PBXBuildFile; fileRef = 116A3E972426BD0200898E96 /* partly_cloud_day.mp4 */; };
		116A3EAD2426D57B00898E96 /* partly_cloud_night.mp4 in Resources */ = {isa = PBXBuildFile; fileRef = 116A3E942426BD0200898E96 /* partly_cloud_night.mp4 */; };
		116A3EAE2426D57B00898E96 /* partly_sunny.mp4 in Resources */ = {isa = PBXBuildFile; fileRef = 116A3E952426BD0200898E96 /* partly_sunny.mp4 */; };
		116A3EAF2426D57B00898E96 /* rain_day.mp4 in Resources */ = {isa = PBXBuildFile; fileRef = 116A3EA02426BD0300898E96 /* rain_day.mp4 */; };
		116A3EB02426D57B00898E96 /* rain_night.mp4 in Resources */ = {isa = PBXBuildFile; fileRef = 116A3E9E2426BD0300898E96 /* rain_night.mp4 */; };
		116A3EB12426D57B00898E96 /* snow_day.mp4 in Resources */ = {isa = PBXBuildFile; fileRef = 116A3E982426BD0200898E96 /* snow_day.mp4 */; };
		116A3EB22426D57B00898E96 /* snow_night.mp4 in Resources */ = {isa = PBXBuildFile; fileRef = 116A3E962426BD0200898E96 /* snow_night.mp4 */; };
		116A3EB32426D57B00898E96 /* thunderstorm_day.mp4 in Resources */ = {isa = PBXBuildFile; fileRef = 116A3EA22426BD0400898E96 /* thunderstorm_day.mp4 */; };
		116A3EB42426D57B00898E96 /* thunderstorm_night.mp4 in Resources */ = {isa = PBXBuildFile; fileRef = 116A3E9C2426BD0300898E96 /* thunderstorm_night.mp4 */; };
		116A3EB52426D57B00898E96 /* windy_day.mp4 in Resources */ = {isa = PBXBuildFile; fileRef = 116A3E9F2426BD0300898E96 /* windy_day.mp4 */; };
		116A3EB62426D57B00898E96 /* windy_night.mp4 in Resources */ = {isa = PBXBuildFile; fileRef = 116A3E9A2426BD0300898E96 /* windy_night.mp4 */; };
		117D44742420E40300A49F65 /* AppDelegate.swift in Sources */ = {isa = PBXBuildFile; fileRef = 117D44732420E40300A49F65 /* AppDelegate.swift */; };
		117D44762420E40300A49F65 /* SceneDelegate.swift in Sources */ = {isa = PBXBuildFile; fileRef = 117D44752420E40300A49F65 /* SceneDelegate.swift */; };
		117D44782420E40300A49F65 /* DetailViewController.swift in Sources */ = {isa = PBXBuildFile; fileRef = 117D44772420E40300A49F65 /* DetailViewController.swift */; };
		117D447B2420E40300A49F65 /* Main.storyboard in Resources */ = {isa = PBXBuildFile; fileRef = 117D44792420E40300A49F65 /* Main.storyboard */; };
		117D447D2420E40500A49F65 /* Assets.xcassets in Resources */ = {isa = PBXBuildFile; fileRef = 117D447C2420E40500A49F65 /* Assets.xcassets */; };
		117D44802420E40500A49F65 /* LaunchScreen.storyboard in Resources */ = {isa = PBXBuildFile; fileRef = 117D447E2420E40500A49F65 /* LaunchScreen.storyboard */; };
		117D448B2420E40600A49F65 /* Weather3Days4ecastTests.swift in Sources */ = {isa = PBXBuildFile; fileRef = 117D448A2420E40600A49F65 /* Weather3Days4ecastTests.swift */; };
		117D44962420E40600A49F65 /* Weather3Days4ecastUITests.swift in Sources */ = {isa = PBXBuildFile; fileRef = 117D44952420E40600A49F65 /* Weather3Days4ecastUITests.swift */; };
		11ECC8B0242211DF0023DE88 /* Default-568h@2x.png in Resources */ = {isa = PBXBuildFile; fileRef = 11ECC8AF2422115B0023DE88 /* Default-568h@2x.png */; };
		11ECC8B324226CEA0023DE88 /* CitiesTableViewController.swift in Sources */ = {isa = PBXBuildFile; fileRef = 11ECC8B224226CEA0023DE88 /* CitiesTableViewController.swift */; };
		11ECC8B424226CEA0023DE88 /* CitiesTableViewController.swift in Sources */ = {isa = PBXBuildFile; fileRef = 11ECC8B224226CEA0023DE88 /* CitiesTableViewController.swift */; };
		11ECC8B524226CEA0023DE88 /* CitiesTableViewController.swift in Sources */ = {isa = PBXBuildFile; fileRef = 11ECC8B224226CEA0023DE88 /* CitiesTableViewController.swift */; };
		11ECC8BF2422DABA0023DE88 /* Constants.swift in Sources */ = {isa = PBXBuildFile; fileRef = 11ECC8BE2422DABA0023DE88 /* Constants.swift */; };
		11ECC8C02422DABA0023DE88 /* Constants.swift in Sources */ = {isa = PBXBuildFile; fileRef = 11ECC8BE2422DABA0023DE88 /* Constants.swift */; };
		11ECC8C12422DABA0023DE88 /* Constants.swift in Sources */ = {isa = PBXBuildFile; fileRef = 11ECC8BE2422DABA0023DE88 /* Constants.swift */; };
		11ECC8C32422DE8C0023DE88 /* Weather.swift in Sources */ = {isa = PBXBuildFile; fileRef = 11ECC8C22422DE8C0023DE88 /* Weather.swift */; };
		11ECC8C42422DE8C0023DE88 /* Weather.swift in Sources */ = {isa = PBXBuildFile; fileRef = 11ECC8C22422DE8C0023DE88 /* Weather.swift */; };
		11ECC8C52422DE8C0023DE88 /* Weather.swift in Sources */ = {isa = PBXBuildFile; fileRef = 11ECC8C22422DE8C0023DE88 /* Weather.swift */; };
		11ECC8C72422DEBD0023DE88 /* City.swift in Sources */ = {isa = PBXBuildFile; fileRef = 11ECC8C62422DEBD0023DE88 /* City.swift */; };
		11ECC8C82422DEBD0023DE88 /* City.swift in Sources */ = {isa = PBXBuildFile; fileRef = 11ECC8C62422DEBD0023DE88 /* City.swift */; };
		11ECC8C92422DEBD0023DE88 /* City.swift in Sources */ = {isa = PBXBuildFile; fileRef = 11ECC8C62422DEBD0023DE88 /* City.swift */; };
		5D0DC6F6A1C486D1FBECE621 /* Pods_Weather3Days4ecast.framework in Frameworks */ = {isa = PBXBuildFile; fileRef = 01B53995804F46F8B34C3F98 /* Pods_Weather3Days4ecast.framework */; };
		62377C69FC56D3AFF50CC494 /* Pods_Weather3Days4ecastTests.framework in Frameworks */ = {isa = PBXBuildFile; fileRef = 68D0E07A9A064F672B148A25 /* Pods_Weather3Days4ecastTests.framework */; };
		ACCCA6AE2F075C49195C3547 /* Pods_Weather3Days4ecast_Weather3Days4ecastUITests.framework in Frameworks */ = {isa = PBXBuildFile; fileRef = 66EEE8759280E6B78747BF3B /* Pods_Weather3Days4ecast_Weather3Days4ecastUITests.framework */; };
/* End PBXBuildFile section */

/* Begin PBXContainerItemProxy section */
		117D44872420E40600A49F65 /* PBXContainerItemProxy */ = {
			isa = PBXContainerItemProxy;
			containerPortal = 117D44682420E40300A49F65 /* Project object */;
			proxyType = 1;
			remoteGlobalIDString = 117D446F2420E40300A49F65;
			remoteInfo = Weather3Days4ecast;
		};
		117D44922420E40600A49F65 /* PBXContainerItemProxy */ = {
			isa = PBXContainerItemProxy;
			containerPortal = 117D44682420E40300A49F65 /* Project object */;
			proxyType = 1;
			remoteGlobalIDString = 117D446F2420E40300A49F65;
			remoteInfo = Weather3Days4ecast;
		};
/* End PBXContainerItemProxy section */

/* Begin PBXFileReference section */
		01B53995804F46F8B34C3F98 /* Pods_Weather3Days4ecast.framework */ = {isa = PBXFileReference; explicitFileType = wrapper.framework; includeInIndex = 0; path = Pods_Weather3Days4ecast.framework; sourceTree = BUILT_PRODUCTS_DIR; };
		114A21B42424BC5300130233 /* Service.swift */ = {isa = PBXFileReference; lastKnownFileType = sourcecode.swift; path = Service.swift; sourceTree = "<group>"; };
		1151C1D32423C37600A54E90 /* CityWeatherCell.swift */ = {isa = PBXFileReference; lastKnownFileType = sourcecode.swift; path = CityWeatherCell.swift; sourceTree = "<group>"; };
		116A3E922426BD0200898E96 /* fog_day.mp4 */ = {isa = PBXFileReference; lastKnownFileType = file; path = fog_day.mp4; sourceTree = "<group>"; };
		116A3E932426BD0200898E96 /* fog_night.mp4 */ = {isa = PBXFileReference; lastKnownFileType = file; path = fog_night.mp4; sourceTree = "<group>"; };
		116A3E942426BD0200898E96 /* partly_cloud_night.mp4 */ = {isa = PBXFileReference; lastKnownFileType = file; path = partly_cloud_night.mp4; sourceTree = "<group>"; };
		116A3E952426BD0200898E96 /* partly_sunny.mp4 */ = {isa = PBXFileReference; lastKnownFileType = file; path = partly_sunny.mp4; sourceTree = "<group>"; };
		116A3E962426BD0200898E96 /* snow_night.mp4 */ = {isa = PBXFileReference; lastKnownFileType = file; path = snow_night.mp4; sourceTree = "<group>"; };
		116A3E972426BD0200898E96 /* partly_cloud_day.mp4 */ = {isa = PBXFileReference; lastKnownFileType = file; path = partly_cloud_day.mp4; sourceTree = "<group>"; };
		116A3E982426BD0200898E96 /* snow_day.mp4 */ = {isa = PBXFileReference; lastKnownFileType = file; path = snow_day.mp4; sourceTree = "<group>"; };
		116A3E992426BD0200898E96 /* clear_day.mp4 */ = {isa = PBXFileReference; lastKnownFileType = file; path = clear_day.mp4; sourceTree = "<group>"; };
		116A3E9A2426BD0300898E96 /* windy_night.mp4 */ = {isa = PBXFileReference; lastKnownFileType = file; path = windy_night.mp4; sourceTree = "<group>"; };
		116A3E9B2426BD0300898E96 /* hot.mp4 */ = {isa = PBXFileReference; lastKnownFileType = file; path = hot.mp4; sourceTree = "<group>"; };
		116A3E9C2426BD0300898E96 /* thunderstorm_night.mp4 */ = {isa = PBXFileReference; lastKnownFileType = file; path = thunderstorm_night.mp4; sourceTree = "<group>"; };
		116A3E9D2426BD0300898E96 /* cloudy_day.mp4 */ = {isa = PBXFileReference; lastKnownFileType = file; path = cloudy_day.mp4; sourceTree = "<group>"; };
		116A3E9E2426BD0300898E96 /* rain_night.mp4 */ = {isa = PBXFileReference; lastKnownFileType = file; path = rain_night.mp4; sourceTree = "<group>"; };
		116A3E9F2426BD0300898E96 /* windy_day.mp4 */ = {isa = PBXFileReference; lastKnownFileType = file; path = windy_day.mp4; sourceTree = "<group>"; };
		116A3EA02426BD0300898E96 /* rain_day.mp4 */ = {isa = PBXFileReference; lastKnownFileType = file; path = rain_day.mp4; sourceTree = "<group>"; };
		116A3EA12426BD0300898E96 /* clear_night.mp4 */ = {isa = PBXFileReference; lastKnownFileType = file; path = clear_night.mp4; sourceTree = "<group>"; };
		116A3EA22426BD0400898E96 /* thunderstorm_day.mp4 */ = {isa = PBXFileReference; lastKnownFileType = file; path = thunderstorm_day.mp4; sourceTree = "<group>"; };
		116A3EA32426BD0400898E96 /* cloudy_night.mp4 */ = {isa = PBXFileReference; lastKnownFileType = file; path = cloudy_night.mp4; sourceTree = "<group>"; };
		117D44702420E40300A49F65 /* Weather3Days4ecast.app */ = {isa = PBXFileReference; explicitFileType = wrapper.application; includeInIndex = 0; path = Weather3Days4ecast.app; sourceTree = BUILT_PRODUCTS_DIR; };
		117D44732420E40300A49F65 /* AppDelegate.swift */ = {isa = PBXFileReference; lastKnownFileType = sourcecode.swift; path = AppDelegate.swift; sourceTree = "<group>"; };
		117D44752420E40300A49F65 /* SceneDelegate.swift */ = {isa = PBXFileReference; lastKnownFileType = sourcecode.swift; path = SceneDelegate.swift; sourceTree = "<group>"; };
		117D44772420E40300A49F65 /* DetailViewController.swift */ = {isa = PBXFileReference; lastKnownFileType = sourcecode.swift; path = DetailViewController.swift; sourceTree = "<group>"; };
		117D447A2420E40300A49F65 /* Base */ = {isa = PBXFileReference; lastKnownFileType = file.storyboard; name = Base; path = Base.lproj/Main.storyboard; sourceTree = "<group>"; };
		117D447C2420E40500A49F65 /* Assets.xcassets */ = {isa = PBXFileReference; lastKnownFileType = folder.assetcatalog; path = Assets.xcassets; sourceTree = "<group>"; };
		117D447F2420E40500A49F65 /* Base */ = {isa = PBXFileReference; lastKnownFileType = file.storyboard; name = Base; path = Base.lproj/LaunchScreen.storyboard; sourceTree = "<group>"; };
		117D44812420E40500A49F65 /* Info.plist */ = {isa = PBXFileReference; lastKnownFileType = text.plist.xml; path = Info.plist; sourceTree = "<group>"; };
		117D44862420E40600A49F65 /* Weather3Days4ecastTests.xctest */ = {isa = PBXFileReference; explicitFileType = wrapper.cfbundle; includeInIndex = 0; path = Weather3Days4ecastTests.xctest; sourceTree = BUILT_PRODUCTS_DIR; };
		117D448A2420E40600A49F65 /* Weather3Days4ecastTests.swift */ = {isa = PBXFileReference; lastKnownFileType = sourcecode.swift; path = Weather3Days4ecastTests.swift; sourceTree = "<group>"; };
		117D448C2420E40600A49F65 /* Info.plist */ = {isa = PBXFileReference; lastKnownFileType = text.plist.xml; path = Info.plist; sourceTree = "<group>"; };
		117D44912420E40600A49F65 /* Weather3Days4ecastUITests.xctest */ = {isa = PBXFileReference; explicitFileType = wrapper.cfbundle; includeInIndex = 0; path = Weather3Days4ecastUITests.xctest; sourceTree = BUILT_PRODUCTS_DIR; };
		117D44952420E40600A49F65 /* Weather3Days4ecastUITests.swift */ = {isa = PBXFileReference; lastKnownFileType = sourcecode.swift; path = Weather3Days4ecastUITests.swift; sourceTree = "<group>"; };
		117D44972420E40600A49F65 /* Info.plist */ = {isa = PBXFileReference; lastKnownFileType = text.plist.xml; path = Info.plist; sourceTree = "<group>"; };
		11ECC8AF2422115B0023DE88 /* Default-568h@2x.png */ = {isa = PBXFileReference; lastKnownFileType = image.png; path = "Default-568h@2x.png"; sourceTree = "<group>"; };
		11ECC8B224226CEA0023DE88 /* CitiesTableViewController.swift */ = {isa = PBXFileReference; lastKnownFileType = sourcecode.swift; path = CitiesTableViewController.swift; sourceTree = "<group>"; };
		11ECC8BE2422DABA0023DE88 /* Constants.swift */ = {isa = PBXFileReference; lastKnownFileType = sourcecode.swift; path = Constants.swift; sourceTree = "<group>"; };
		11ECC8C22422DE8C0023DE88 /* Weather.swift */ = {isa = PBXFileReference; lastKnownFileType = sourcecode.swift; path = Weather.swift; sourceTree = "<group>"; };
		11ECC8C62422DEBD0023DE88 /* City.swift */ = {isa = PBXFileReference; lastKnownFileType = sourcecode.swift; path = City.swift; sourceTree = "<group>"; };
		18C5E598820F3AE91BF45979 /* Pods-Weather3Days4ecast-Weather3Days4ecastUITests.release.xcconfig */ = {isa = PBXFileReference; includeInIndex = 1; lastKnownFileType = text.xcconfig; name = "Pods-Weather3Days4ecast-Weather3Days4ecastUITests.release.xcconfig"; path = "Target Support Files/Pods-Weather3Days4ecast-Weather3Days4ecastUITests/Pods-Weather3Days4ecast-Weather3Days4ecastUITests.release.xcconfig"; sourceTree = "<group>"; };
		2BF90047653FD869D0191FF8 /* Pods-Weather3Days4ecast.release.xcconfig */ = {isa = PBXFileReference; includeInIndex = 1; lastKnownFileType = text.xcconfig; name = "Pods-Weather3Days4ecast.release.xcconfig"; path = "Target Support Files/Pods-Weather3Days4ecast/Pods-Weather3Days4ecast.release.xcconfig"; sourceTree = "<group>"; };
		66EEE8759280E6B78747BF3B /* Pods_Weather3Days4ecast_Weather3Days4ecastUITests.framework */ = {isa = PBXFileReference; explicitFileType = wrapper.framework; includeInIndex = 0; path = Pods_Weather3Days4ecast_Weather3Days4ecastUITests.framework; sourceTree = BUILT_PRODUCTS_DIR; };
		68D0E07A9A064F672B148A25 /* Pods_Weather3Days4ecastTests.framework */ = {isa = PBXFileReference; explicitFileType = wrapper.framework; includeInIndex = 0; path = Pods_Weather3Days4ecastTests.framework; sourceTree = BUILT_PRODUCTS_DIR; };
		83844DDBA6893F6C39F4CB0C /* Pods-Weather3Days4ecast.debug.xcconfig */ = {isa = PBXFileReference; includeInIndex = 1; lastKnownFileType = text.xcconfig; name = "Pods-Weather3Days4ecast.debug.xcconfig"; path = "Target Support Files/Pods-Weather3Days4ecast/Pods-Weather3Days4ecast.debug.xcconfig"; sourceTree = "<group>"; };
		A31C2D13B1CEF239B27F5DDD /* Pods-Weather3Days4ecastTests.debug.xcconfig */ = {isa = PBXFileReference; includeInIndex = 1; lastKnownFileType = text.xcconfig; name = "Pods-Weather3Days4ecastTests.debug.xcconfig"; path = "Target Support Files/Pods-Weather3Days4ecastTests/Pods-Weather3Days4ecastTests.debug.xcconfig"; sourceTree = "<group>"; };
		CA18523D50372643DD3C5764 /* Pods-Weather3Days4ecast-Weather3Days4ecastUITests.debug.xcconfig */ = {isa = PBXFileReference; includeInIndex = 1; lastKnownFileType = text.xcconfig; name = "Pods-Weather3Days4ecast-Weather3Days4ecastUITests.debug.xcconfig"; path = "Target Support Files/Pods-Weather3Days4ecast-Weather3Days4ecastUITests/Pods-Weather3Days4ecast-Weather3Days4ecastUITests.debug.xcconfig"; sourceTree = "<group>"; };
		F814DFB793C3CB84B8464FF2 /* Pods-Weather3Days4ecastTests.release.xcconfig */ = {isa = PBXFileReference; includeInIndex = 1; lastKnownFileType = text.xcconfig; name = "Pods-Weather3Days4ecastTests.release.xcconfig"; path = "Target Support Files/Pods-Weather3Days4ecastTests/Pods-Weather3Days4ecastTests.release.xcconfig"; sourceTree = "<group>"; };
/* End PBXFileReference section */

/* Begin PBXFrameworksBuildPhase section */
		117D446D2420E40300A49F65 /* Frameworks */ = {
			isa = PBXFrameworksBuildPhase;
			buildActionMask = 2147483647;
			files = (
				5D0DC6F6A1C486D1FBECE621 /* Pods_Weather3Days4ecast.framework in Frameworks */,
			);
			runOnlyForDeploymentPostprocessing = 0;
		};
		117D44832420E40600A49F65 /* Frameworks */ = {
			isa = PBXFrameworksBuildPhase;
			buildActionMask = 2147483647;
			files = (
				62377C69FC56D3AFF50CC494 /* Pods_Weather3Days4ecastTests.framework in Frameworks */,
			);
			runOnlyForDeploymentPostprocessing = 0;
		};
		117D448E2420E40600A49F65 /* Frameworks */ = {
			isa = PBXFrameworksBuildPhase;
			buildActionMask = 2147483647;
			files = (
				ACCCA6AE2F075C49195C3547 /* Pods_Weather3Days4ecast_Weather3Days4ecastUITests.framework in Frameworks */,
			);
			runOnlyForDeploymentPostprocessing = 0;
		};
/* End PBXFrameworksBuildPhase section */

/* Begin PBXGroup section */
		0BDF4F2074A64108C7218D7A /* Frameworks */ = {
			isa = PBXGroup;
			children = (
				01B53995804F46F8B34C3F98 /* Pods_Weather3Days4ecast.framework */,
				66EEE8759280E6B78747BF3B /* Pods_Weather3Days4ecast_Weather3Days4ecastUITests.framework */,
				68D0E07A9A064F672B148A25 /* Pods_Weather3Days4ecastTests.framework */,
			);
			name = Frameworks;
			sourceTree = "<group>";
		};
		115A05532423BCCD00D7707C /* Cells */ = {
			isa = PBXGroup;
			children = (
				1151C1D32423C37600A54E90 /* CityWeatherCell.swift */,
			);
			path = Cells;
			sourceTree = "<group>";
		};
		116A3E912426BCBA00898E96 /* VideoBackground */ = {
			isa = PBXGroup;
			children = (
				116A3E992426BD0200898E96 /* clear_day.mp4 */,
				116A3EA12426BD0300898E96 /* clear_night.mp4 */,
				116A3E9D2426BD0300898E96 /* cloudy_day.mp4 */,
				116A3EA32426BD0400898E96 /* cloudy_night.mp4 */,
				116A3E922426BD0200898E96 /* fog_day.mp4 */,
				116A3E932426BD0200898E96 /* fog_night.mp4 */,
				116A3E9B2426BD0300898E96 /* hot.mp4 */,
				116A3E972426BD0200898E96 /* partly_cloud_day.mp4 */,
				116A3E942426BD0200898E96 /* partly_cloud_night.mp4 */,
				116A3E952426BD0200898E96 /* partly_sunny.mp4 */,
				116A3EA02426BD0300898E96 /* rain_day.mp4 */,
				116A3E9E2426BD0300898E96 /* rain_night.mp4 */,
				116A3E982426BD0200898E96 /* snow_day.mp4 */,
				116A3E962426BD0200898E96 /* snow_night.mp4 */,
				116A3EA22426BD0400898E96 /* thunderstorm_day.mp4 */,
				116A3E9C2426BD0300898E96 /* thunderstorm_night.mp4 */,
				116A3E9F2426BD0300898E96 /* windy_day.mp4 */,
				116A3E9A2426BD0300898E96 /* windy_night.mp4 */,
			);
			path = VideoBackground;
			sourceTree = "<group>";
		};
		117D44672420E40300A49F65 = {
			isa = PBXGroup;
			children = (
				117D44722420E40300A49F65 /* Weather3Days4ecast */,
				117D44892420E40600A49F65 /* Weather3Days4ecastTests */,
				117D44942420E40600A49F65 /* Weather3Days4ecastUITests */,
				117D44712420E40300A49F65 /* Products */,
				3680ED8FD1AD0B1C0B508A44 /* Pods */,
				0BDF4F2074A64108C7218D7A /* Frameworks */,
			);
			sourceTree = "<group>";
		};
		117D44712420E40300A49F65 /* Products */ = {
			isa = PBXGroup;
			children = (
				117D44702420E40300A49F65 /* Weather3Days4ecast.app */,
				117D44862420E40600A49F65 /* Weather3Days4ecastTests.xctest */,
				117D44912420E40600A49F65 /* Weather3Days4ecastUITests.xctest */,
			);
			name = Products;
			sourceTree = "<group>";
		};
		117D44722420E40300A49F65 /* Weather3Days4ecast */ = {
			isa = PBXGroup;
			children = (
				117D44812420E40500A49F65 /* Info.plist */,
				11ECC8A924220B9D0023DE88 /* Delegates */,
				11ECC8AC24220F190023DE88 /* Supporting Files */,
				11ECC8AB24220EFA0023DE88 /* Storyboards */,
				11ECC8AA24220BB40023DE88 /* View Controllers */,
				11ECC8AD24220F7C0023DE88 /* Models */,
				11ECC8AE2422107E0023DE88 /* Services */,
				11ECC8A824220B660023DE88 /* Resources */,
			);
			path = Weather3Days4ecast;
			sourceTree = "<group>";
		};
		117D44892420E40600A49F65 /* Weather3Days4ecastTests */ = {
			isa = PBXGroup;
			children = (
				117D448A2420E40600A49F65 /* Weather3Days4ecastTests.swift */,
				117D448C2420E40600A49F65 /* Info.plist */,
			);
			path = Weather3Days4ecastTests;
			sourceTree = "<group>";
		};
		117D44942420E40600A49F65 /* Weather3Days4ecastUITests */ = {
			isa = PBXGroup;
			children = (
				117D44952420E40600A49F65 /* Weather3Days4ecastUITests.swift */,
				117D44972420E40600A49F65 /* Info.plist */,
			);
			path = Weather3Days4ecastUITests;
			sourceTree = "<group>";
		};
		11ECC8A824220B660023DE88 /* Resources */ = {
			isa = PBXGroup;
			children = (
				116A3E912426BCBA00898E96 /* VideoBackground */,
				11ECC8AF2422115B0023DE88 /* Default-568h@2x.png */,
				117D447C2420E40500A49F65 /* Assets.xcassets */,
			);
			path = Resources;
			sourceTree = "<group>";
		};
		11ECC8A924220B9D0023DE88 /* Delegates */ = {
			isa = PBXGroup;
			children = (
				117D44732420E40300A49F65 /* AppDelegate.swift */,
				117D44752420E40300A49F65 /* SceneDelegate.swift */,
			);
			path = Delegates;
			sourceTree = "<group>";
		};
		11ECC8AA24220BB40023DE88 /* View Controllers */ = {
			isa = PBXGroup;
			children = (
				115A05532423BCCD00D7707C /* Cells */,
				117D44772420E40300A49F65 /* DetailViewController.swift */,
				11ECC8B224226CEA0023DE88 /* CitiesTableViewController.swift */,
			);
			path = "View Controllers";
			sourceTree = "<group>";
		};
		11ECC8AB24220EFA0023DE88 /* Storyboards */ = {
			isa = PBXGroup;
			children = (
				117D44792420E40300A49F65 /* Main.storyboard */,
				117D447E2420E40500A49F65 /* LaunchScreen.storyboard */,
			);
			path = Storyboards;
			sourceTree = "<group>";
		};
		11ECC8AC24220F190023DE88 /* Supporting Files */ = {
			isa = PBXGroup;
			children = (
			);
			path = "Supporting Files";
			sourceTree = "<group>";
		};
		11ECC8AD24220F7C0023DE88 /* Models */ = {
			isa = PBXGroup;
			children = (
				11ECC8BE2422DABA0023DE88 /* Constants.swift */,
				11ECC8C22422DE8C0023DE88 /* Weather.swift */,
				11ECC8C62422DEBD0023DE88 /* City.swift */,
			);
			path = Models;
			sourceTree = "<group>";
		};
		11ECC8AE2422107E0023DE88 /* Services */ = {
			isa = PBXGroup;
			children = (
				114A21B42424BC5300130233 /* Service.swift */,
			);
			path = Services;
			sourceTree = "<group>";
		};
		3680ED8FD1AD0B1C0B508A44 /* Pods */ = {
			isa = PBXGroup;
			children = (
				83844DDBA6893F6C39F4CB0C /* Pods-Weather3Days4ecast.debug.xcconfig */,
				2BF90047653FD869D0191FF8 /* Pods-Weather3Days4ecast.release.xcconfig */,
				CA18523D50372643DD3C5764 /* Pods-Weather3Days4ecast-Weather3Days4ecastUITests.debug.xcconfig */,
				18C5E598820F3AE91BF45979 /* Pods-Weather3Days4ecast-Weather3Days4ecastUITests.release.xcconfig */,
				A31C2D13B1CEF239B27F5DDD /* Pods-Weather3Days4ecastTests.debug.xcconfig */,
				F814DFB793C3CB84B8464FF2 /* Pods-Weather3Days4ecastTests.release.xcconfig */,
			);
			path = Pods;
			sourceTree = "<group>";
		};
/* End PBXGroup section */

/* Begin PBXNativeTarget section */
		117D446F2420E40300A49F65 /* Weather3Days4ecast */ = {
			isa = PBXNativeTarget;
			buildConfigurationList = 117D449A2420E40600A49F65 /* Build configuration list for PBXNativeTarget "Weather3Days4ecast" */;
			buildPhases = (
				85590B299E644C9D721902E7 /* [CP] Check Pods Manifest.lock */,
				117D446C2420E40300A49F65 /* Sources */,
				117D446D2420E40300A49F65 /* Frameworks */,
				117D446E2420E40300A49F65 /* Resources */,
				8157A4C0D5CA58DEBA879DAC /* [CP] Embed Pods Frameworks */,
			);
			buildRules = (
			);
			dependencies = (
			);
			name = Weather3Days4ecast;
			productName = Weather3Days4ecast;
			productReference = 117D44702420E40300A49F65 /* Weather3Days4ecast.app */;
			productType = "com.apple.product-type.application";
		};
		117D44852420E40600A49F65 /* Weather3Days4ecastTests */ = {
			isa = PBXNativeTarget;
			buildConfigurationList = 117D449D2420E40600A49F65 /* Build configuration list for PBXNativeTarget "Weather3Days4ecastTests" */;
			buildPhases = (
				5FD9158BE57DE3A1F370B489 /* [CP] Check Pods Manifest.lock */,
				117D44822420E40600A49F65 /* Sources */,
				117D44832420E40600A49F65 /* Frameworks */,
				117D44842420E40600A49F65 /* Resources */,
			);
			buildRules = (
			);
			dependencies = (
				117D44882420E40600A49F65 /* PBXTargetDependency */,
			);
			name = Weather3Days4ecastTests;
			productName = Weather3Days4ecastTests;
			productReference = 117D44862420E40600A49F65 /* Weather3Days4ecastTests.xctest */;
			productType = "com.apple.product-type.bundle.unit-test";
		};
		117D44902420E40600A49F65 /* Weather3Days4ecastUITests */ = {
			isa = PBXNativeTarget;
			buildConfigurationList = 117D44A02420E40600A49F65 /* Build configuration list for PBXNativeTarget "Weather3Days4ecastUITests" */;
			buildPhases = (
				6046F848102B2B21A222E850 /* [CP] Check Pods Manifest.lock */,
				117D448D2420E40600A49F65 /* Sources */,
				117D448E2420E40600A49F65 /* Frameworks */,
				117D448F2420E40600A49F65 /* Resources */,
				F24BC362AE8DABD24F8C81FD /* [CP] Embed Pods Frameworks */,
			);
			buildRules = (
			);
			dependencies = (
				117D44932420E40600A49F65 /* PBXTargetDependency */,
			);
			name = Weather3Days4ecastUITests;
			productName = Weather3Days4ecastUITests;
			productReference = 117D44912420E40600A49F65 /* Weather3Days4ecastUITests.xctest */;
			productType = "com.apple.product-type.bundle.ui-testing";
		};
/* End PBXNativeTarget section */

/* Begin PBXProject section */
		117D44682420E40300A49F65 /* Project object */ = {
			isa = PBXProject;
			attributes = {
				LastSwiftUpdateCheck = 1120;
				LastUpgradeCheck = 1120;
				ORGANIZATIONNAME = RA;
				TargetAttributes = {
					117D446F2420E40300A49F65 = {
						CreatedOnToolsVersion = 11.2.1;
					};
					117D44852420E40600A49F65 = {
						CreatedOnToolsVersion = 11.2.1;
						TestTargetID = 117D446F2420E40300A49F65;
					};
					117D44902420E40600A49F65 = {
						CreatedOnToolsVersion = 11.2.1;
						TestTargetID = 117D446F2420E40300A49F65;
					};
				};
			};
			buildConfigurationList = 117D446B2420E40300A49F65 /* Build configuration list for PBXProject "Weather3Days4ecast" */;
			compatibilityVersion = "Xcode 9.3";
			developmentRegion = en;
			hasScannedForEncodings = 0;
			knownRegions = (
				en,
				Base,
			);
			mainGroup = 117D44672420E40300A49F65;
			productRefGroup = 117D44712420E40300A49F65 /* Products */;
			projectDirPath = "";
			projectRoot = "";
			targets = (
				117D446F2420E40300A49F65 /* Weather3Days4ecast */,
				117D44852420E40600A49F65 /* Weather3Days4ecastTests */,
				117D44902420E40600A49F65 /* Weather3Days4ecastUITests */,
			);
		};
/* End PBXProject section */

/* Begin PBXResourcesBuildPhase section */
		117D446E2420E40300A49F65 /* Resources */ = {
			isa = PBXResourcesBuildPhase;
			buildActionMask = 2147483647;
			files = (
				116A3EA52426D57B00898E96 /* clear_day.mp4 in Resources */,
				116A3EA62426D57B00898E96 /* clear_night.mp4 in Resources */,
				116A3EA72426D57B00898E96 /* cloudy_day.mp4 in Resources */,
				116A3EA82426D57B00898E96 /* cloudy_night.mp4 in Resources */,
				116A3EA92426D57B00898E96 /* fog_day.mp4 in Resources */,
				116A3EAA2426D57B00898E96 /* fog_night.mp4 in Resources */,
				116A3EAB2426D57B00898E96 /* hot.mp4 in Resources */,
				116A3EAC2426D57B00898E96 /* partly_cloud_day.mp4 in Resources */,
				116A3EAD2426D57B00898E96 /* partly_cloud_night.mp4 in Resources */,
				116A3EAE2426D57B00898E96 /* partly_sunny.mp4 in Resources */,
				116A3EAF2426D57B00898E96 /* rain_day.mp4 in Resources */,
				116A3EB02426D57B00898E96 /* rain_night.mp4 in Resources */,
				116A3EB12426D57B00898E96 /* snow_day.mp4 in Resources */,
				116A3EB22426D57B00898E96 /* snow_night.mp4 in Resources */,
				116A3EB32426D57B00898E96 /* thunderstorm_day.mp4 in Resources */,
				116A3EB42426D57B00898E96 /* thunderstorm_night.mp4 in Resources */,
				116A3EB52426D57B00898E96 /* windy_day.mp4 in Resources */,
				116A3EB62426D57B00898E96 /* windy_night.mp4 in Resources */,
				117D44802420E40500A49F65 /* LaunchScreen.storyboard in Resources */,
				11ECC8B0242211DF0023DE88 /* Default-568h@2x.png in Resources */,
				117D447D2420E40500A49F65 /* Assets.xcassets in Resources */,
				117D447B2420E40300A49F65 /* Main.storyboard in Resources */,
			);
			runOnlyForDeploymentPostprocessing = 0;
		};
		117D44842420E40600A49F65 /* Resources */ = {
			isa = PBXResourcesBuildPhase;
			buildActionMask = 2147483647;
			files = (
			);
			runOnlyForDeploymentPostprocessing = 0;
		};
		117D448F2420E40600A49F65 /* Resources */ = {
			isa = PBXResourcesBuildPhase;
			buildActionMask = 2147483647;
			files = (
			);
			runOnlyForDeploymentPostprocessing = 0;
		};
/* End PBXResourcesBuildPhase section */

/* Begin PBXShellScriptBuildPhase section */
		5FD9158BE57DE3A1F370B489 /* [CP] Check Pods Manifest.lock */ = {
			isa = PBXShellScriptBuildPhase;
			buildActionMask = 2147483647;
			files = (
			);
			inputFileListPaths = (
			);
			inputPaths = (
				"${PODS_PODFILE_DIR_PATH}/Podfile.lock",
				"${PODS_ROOT}/Manifest.lock",
			);
			name = "[CP] Check Pods Manifest.lock";
			outputFileListPaths = (
			);
			outputPaths = (
				"$(DERIVED_FILE_DIR)/Pods-Weather3Days4ecastTests-checkManifestLockResult.txt",
			);
			runOnlyForDeploymentPostprocessing = 0;
			shellPath = /bin/sh;
			shellScript = "diff \"${PODS_PODFILE_DIR_PATH}/Podfile.lock\" \"${PODS_ROOT}/Manifest.lock\" > /dev/null\nif [ $? != 0 ] ; then\n    # print error to STDERR\n    echo \"error: The sandbox is not in sync with the Podfile.lock. Run 'pod install' or update your CocoaPods installation.\" >&2\n    exit 1\nfi\n# This output is used by Xcode 'outputs' to avoid re-running this script phase.\necho \"SUCCESS\" > \"${SCRIPT_OUTPUT_FILE_0}\"\n";
			showEnvVarsInLog = 0;
		};
		6046F848102B2B21A222E850 /* [CP] Check Pods Manifest.lock */ = {
			isa = PBXShellScriptBuildPhase;
			buildActionMask = 2147483647;
			files = (
			);
			inputFileListPaths = (
			);
			inputPaths = (
				"${PODS_PODFILE_DIR_PATH}/Podfile.lock",
				"${PODS_ROOT}/Manifest.lock",
			);
			name = "[CP] Check Pods Manifest.lock";
			outputFileListPaths = (
			);
			outputPaths = (
				"$(DERIVED_FILE_DIR)/Pods-Weather3Days4ecast-Weather3Days4ecastUITests-checkManifestLockResult.txt",
			);
			runOnlyForDeploymentPostprocessing = 0;
			shellPath = /bin/sh;
			shellScript = "diff \"${PODS_PODFILE_DIR_PATH}/Podfile.lock\" \"${PODS_ROOT}/Manifest.lock\" > /dev/null\nif [ $? != 0 ] ; then\n    # print error to STDERR\n    echo \"error: The sandbox is not in sync with the Podfile.lock. Run 'pod install' or update your CocoaPods installation.\" >&2\n    exit 1\nfi\n# This output is used by Xcode 'outputs' to avoid re-running this script phase.\necho \"SUCCESS\" > \"${SCRIPT_OUTPUT_FILE_0}\"\n";
			showEnvVarsInLog = 0;
		};
		8157A4C0D5CA58DEBA879DAC /* [CP] Embed Pods Frameworks */ = {
			isa = PBXShellScriptBuildPhase;
			buildActionMask = 2147483647;
			files = (
			);
			inputFileListPaths = (
				"${PODS_ROOT}/Target Support Files/Pods-Weather3Days4ecast/Pods-Weather3Days4ecast-frameworks-${CONFIGURATION}-input-files.xcfilelist",
			);
			name = "[CP] Embed Pods Frameworks";
			outputFileListPaths = (
				"${PODS_ROOT}/Target Support Files/Pods-Weather3Days4ecast/Pods-Weather3Days4ecast-frameworks-${CONFIGURATION}-output-files.xcfilelist",
			);
			runOnlyForDeploymentPostprocessing = 0;
			shellPath = /bin/sh;
			shellScript = "\"${PODS_ROOT}/Target Support Files/Pods-Weather3Days4ecast/Pods-Weather3Days4ecast-frameworks.sh\"\n";
			showEnvVarsInLog = 0;
		};
		85590B299E644C9D721902E7 /* [CP] Check Pods Manifest.lock */ = {
			isa = PBXShellScriptBuildPhase;
			buildActionMask = 2147483647;
			files = (
			);
			inputFileListPaths = (
			);
			inputPaths = (
				"${PODS_PODFILE_DIR_PATH}/Podfile.lock",
				"${PODS_ROOT}/Manifest.lock",
			);
			name = "[CP] Check Pods Manifest.lock";
			outputFileListPaths = (
			);
			outputPaths = (
				"$(DERIVED_FILE_DIR)/Pods-Weather3Days4ecast-checkManifestLockResult.txt",
			);
			runOnlyForDeploymentPostprocessing = 0;
			shellPath = /bin/sh;
			shellScript = "diff \"${PODS_PODFILE_DIR_PATH}/Podfile.lock\" \"${PODS_ROOT}/Manifest.lock\" > /dev/null\nif [ $? != 0 ] ; then\n    # print error to STDERR\n    echo \"error: The sandbox is not in sync with the Podfile.lock. Run 'pod install' or update your CocoaPods installation.\" >&2\n    exit 1\nfi\n# This output is used by Xcode 'outputs' to avoid re-running this script phase.\necho \"SUCCESS\" > \"${SCRIPT_OUTPUT_FILE_0}\"\n";
			showEnvVarsInLog = 0;
		};
		F24BC362AE8DABD24F8C81FD /* [CP] Embed Pods Frameworks */ = {
			isa = PBXShellScriptBuildPhase;
			buildActionMask = 2147483647;
			files = (
			);
			inputFileListPaths = (
				"${PODS_ROOT}/Target Support Files/Pods-Weather3Days4ecast-Weather3Days4ecastUITests/Pods-Weather3Days4ecast-Weather3Days4ecastUITests-frameworks-${CONFIGURATION}-input-files.xcfilelist",
			);
			name = "[CP] Embed Pods Frameworks";
			outputFileListPaths = (
				"${PODS_ROOT}/Target Support Files/Pods-Weather3Days4ecast-Weather3Days4ecastUITests/Pods-Weather3Days4ecast-Weather3Days4ecastUITests-frameworks-${CONFIGURATION}-output-files.xcfilelist",
			);
			runOnlyForDeploymentPostprocessing = 0;
			shellPath = /bin/sh;
			shellScript = "\"${PODS_ROOT}/Target Support Files/Pods-Weather3Days4ecast-Weather3Days4ecastUITests/Pods-Weather3Days4ecast-Weather3Days4ecastUITests-frameworks.sh\"\n";
			showEnvVarsInLog = 0;
		};
/* End PBXShellScriptBuildPhase section */

/* Begin PBXSourcesBuildPhase section */
		117D446C2420E40300A49F65 /* Sources */ = {
			isa = PBXSourcesBuildPhase;
			buildActionMask = 2147483647;
			files = (
				11ECC8BF2422DABA0023DE88 /* Constants.swift in Sources */,
				1151C1D42423C37600A54E90 /* CityWeatherCell.swift in Sources */,
				117D44782420E40300A49F65 /* DetailViewController.swift in Sources */,
				117D44742420E40300A49F65 /* AppDelegate.swift in Sources */,
				11ECC8B324226CEA0023DE88 /* CitiesTableViewController.swift in Sources */,
				114A21B52424BC5300130233 /* Service.swift in Sources */,
				11ECC8C32422DE8C0023DE88 /* Weather.swift in Sources */,
				117D44762420E40300A49F65 /* SceneDelegate.swift in Sources */,
				11ECC8C72422DEBD0023DE88 /* City.swift in Sources */,
			);
			runOnlyForDeploymentPostprocessing = 0;
		};
		117D44822420E40600A49F65 /* Sources */ = {
			isa = PBXSourcesBuildPhase;
			buildActionMask = 2147483647;
			files = (
				11ECC8C42422DE8C0023DE88 /* Weather.swift in Sources */,
				114A21B62424BC5300130233 /* Service.swift in Sources */,
				11ECC8C82422DEBD0023DE88 /* City.swift in Sources */,
				11ECC8B424226CEA0023DE88 /* CitiesTableViewController.swift in Sources */,
				1151C1D52423C37600A54E90 /* CityWeatherCell.swift in Sources */,
				117D448B2420E40600A49F65 /* Weather3Days4ecastTests.swift in Sources */,
				11ECC8C02422DABA0023DE88 /* Constants.swift in Sources */,
			);
			runOnlyForDeploymentPostprocessing = 0;
		};
		117D448D2420E40600A49F65 /* Sources */ = {
			isa = PBXSourcesBuildPhase;
			buildActionMask = 2147483647;
			files = (
				11ECC8C52422DE8C0023DE88 /* Weather.swift in Sources */,
				11ECC8C92422DEBD0023DE88 /* City.swift in Sources */,
				11ECC8B524226CEA0023DE88 /* CitiesTableViewController.swift in Sources */,
				1151C1D62423C37600A54E90 /* CityWeatherCell.swift in Sources */,
				117D44962420E40600A49F65 /* Weather3Days4ecastUITests.swift in Sources */,
				11ECC8C12422DABA0023DE88 /* Constants.swift in Sources */,
			);
			runOnlyForDeploymentPostprocessing = 0;
		};
/* End PBXSourcesBuildPhase section */

/* Begin PBXTargetDependency section */
		117D44882420E40600A49F65 /* PBXTargetDependency */ = {
			isa = PBXTargetDependency;
			target = 117D446F2420E40300A49F65 /* Weather3Days4ecast */;
			targetProxy = 117D44872420E40600A49F65 /* PBXContainerItemProxy */;
		};
		117D44932420E40600A49F65 /* PBXTargetDependency */ = {
			isa = PBXTargetDependency;
			target = 117D446F2420E40300A49F65 /* Weather3Days4ecast */;
			targetProxy = 117D44922420E40600A49F65 /* PBXContainerItemProxy */;
		};
/* End PBXTargetDependency section */

/* Begin PBXVariantGroup section */
		117D44792420E40300A49F65 /* Main.storyboard */ = {
			isa = PBXVariantGroup;
			children = (
				117D447A2420E40300A49F65 /* Base */,
			);
			name = Main.storyboard;
			sourceTree = "<group>";
		};
		117D447E2420E40500A49F65 /* LaunchScreen.storyboard */ = {
			isa = PBXVariantGroup;
			children = (
				117D447F2420E40500A49F65 /* Base */,
			);
			name = LaunchScreen.storyboard;
			sourceTree = "<group>";
		};
/* End PBXVariantGroup section */

/* Begin XCBuildConfiguration section */
		117D44982420E40600A49F65 /* Debug */ = {
			isa = XCBuildConfiguration;
			buildSettings = {
				ALWAYS_SEARCH_USER_PATHS = NO;
				CLANG_ANALYZER_NONNULL = YES;
				CLANG_ANALYZER_NUMBER_OBJECT_CONVERSION = YES_AGGRESSIVE;
				CLANG_CXX_LANGUAGE_STANDARD = "gnu++14";
				CLANG_CXX_LIBRARY = "libc++";
				CLANG_ENABLE_MODULES = YES;
				CLANG_ENABLE_OBJC_ARC = YES;
				CLANG_ENABLE_OBJC_WEAK = YES;
				CLANG_WARN_BLOCK_CAPTURE_AUTORELEASING = YES;
				CLANG_WARN_BOOL_CONVERSION = YES;
				CLANG_WARN_COMMA = YES;
				CLANG_WARN_CONSTANT_CONVERSION = YES;
				CLANG_WARN_DEPRECATED_OBJC_IMPLEMENTATIONS = YES;
				CLANG_WARN_DIRECT_OBJC_ISA_USAGE = YES_ERROR;
				CLANG_WARN_DOCUMENTATION_COMMENTS = YES;
				CLANG_WARN_EMPTY_BODY = YES;
				CLANG_WARN_ENUM_CONVERSION = YES;
				CLANG_WARN_INFINITE_RECURSION = YES;
				CLANG_WARN_INT_CONVERSION = YES;
				CLANG_WARN_NON_LITERAL_NULL_CONVERSION = YES;
				CLANG_WARN_OBJC_IMPLICIT_RETAIN_SELF = YES;
				CLANG_WARN_OBJC_LITERAL_CONVERSION = YES;
				CLANG_WARN_OBJC_ROOT_CLASS = YES_ERROR;
				CLANG_WARN_RANGE_LOOP_ANALYSIS = YES;
				CLANG_WARN_STRICT_PROTOTYPES = YES;
				CLANG_WARN_SUSPICIOUS_MOVE = YES;
				CLANG_WARN_UNGUARDED_AVAILABILITY = YES_AGGRESSIVE;
				CLANG_WARN_UNREACHABLE_CODE = YES;
				CLANG_WARN__DUPLICATE_METHOD_MATCH = YES;
				COPY_PHASE_STRIP = NO;
				DEBUG_INFORMATION_FORMAT = dwarf;
				ENABLE_STRICT_OBJC_MSGSEND = YES;
				ENABLE_TESTABILITY = YES;
				GCC_C_LANGUAGE_STANDARD = gnu11;
				GCC_DYNAMIC_NO_PIC = NO;
				GCC_NO_COMMON_BLOCKS = YES;
				GCC_OPTIMIZATION_LEVEL = 0;
				GCC_PREPROCESSOR_DEFINITIONS = (
					"DEBUG=1",
					"$(inherited)",
				);
				GCC_WARN_64_TO_32_BIT_CONVERSION = YES;
				GCC_WARN_ABOUT_RETURN_TYPE = YES_ERROR;
				GCC_WARN_UNDECLARED_SELECTOR = YES;
				GCC_WARN_UNINITIALIZED_AUTOS = YES_AGGRESSIVE;
				GCC_WARN_UNUSED_FUNCTION = YES;
				GCC_WARN_UNUSED_VARIABLE = YES;
				IPHONEOS_DEPLOYMENT_TARGET = 13.2;
				MTL_ENABLE_DEBUG_INFO = INCLUDE_SOURCE;
				MTL_FAST_MATH = YES;
				ONLY_ACTIVE_ARCH = YES;
				SDKROOT = iphoneos;
				SWIFT_ACTIVE_COMPILATION_CONDITIONS = DEBUG;
				SWIFT_OPTIMIZATION_LEVEL = "-Onone";
			};
			name = Debug;
		};
		117D44992420E40600A49F65 /* Release */ = {
			isa = XCBuildConfiguration;
			buildSettings = {
				ALWAYS_SEARCH_USER_PATHS = NO;
				CLANG_ANALYZER_NONNULL = YES;
				CLANG_ANALYZER_NUMBER_OBJECT_CONVERSION = YES_AGGRESSIVE;
				CLANG_CXX_LANGUAGE_STANDARD = "gnu++14";
				CLANG_CXX_LIBRARY = "libc++";
				CLANG_ENABLE_MODULES = YES;
				CLANG_ENABLE_OBJC_ARC = YES;
				CLANG_ENABLE_OBJC_WEAK = YES;
				CLANG_WARN_BLOCK_CAPTURE_AUTORELEASING = YES;
				CLANG_WARN_BOOL_CONVERSION = YES;
				CLANG_WARN_COMMA = YES;
				CLANG_WARN_CONSTANT_CONVERSION = YES;
				CLANG_WARN_DEPRECATED_OBJC_IMPLEMENTATIONS = YES;
				CLANG_WARN_DIRECT_OBJC_ISA_USAGE = YES_ERROR;
				CLANG_WARN_DOCUMENTATION_COMMENTS = YES;
				CLANG_WARN_EMPTY_BODY = YES;
				CLANG_WARN_ENUM_CONVERSION = YES;
				CLANG_WARN_INFINITE_RECURSION = YES;
				CLANG_WARN_INT_CONVERSION = YES;
				CLANG_WARN_NON_LITERAL_NULL_CONVERSION = YES;
				CLANG_WARN_OBJC_IMPLICIT_RETAIN_SELF = YES;
				CLANG_WARN_OBJC_LITERAL_CONVERSION = YES;
				CLANG_WARN_OBJC_ROOT_CLASS = YES_ERROR;
				CLANG_WARN_RANGE_LOOP_ANALYSIS = YES;
				CLANG_WARN_STRICT_PROTOTYPES = YES;
				CLANG_WARN_SUSPICIOUS_MOVE = YES;
				CLANG_WARN_UNGUARDED_AVAILABILITY = YES_AGGRESSIVE;
				CLANG_WARN_UNREACHABLE_CODE = YES;
				CLANG_WARN__DUPLICATE_METHOD_MATCH = YES;
				COPY_PHASE_STRIP = NO;
				DEBUG_INFORMATION_FORMAT = "dwarf-with-dsym";
				ENABLE_NS_ASSERTIONS = NO;
				ENABLE_STRICT_OBJC_MSGSEND = YES;
				GCC_C_LANGUAGE_STANDARD = gnu11;
				GCC_NO_COMMON_BLOCKS = YES;
				GCC_WARN_64_TO_32_BIT_CONVERSION = YES;
				GCC_WARN_ABOUT_RETURN_TYPE = YES_ERROR;
				GCC_WARN_UNDECLARED_SELECTOR = YES;
				GCC_WARN_UNINITIALIZED_AUTOS = YES_AGGRESSIVE;
				GCC_WARN_UNUSED_FUNCTION = YES;
				GCC_WARN_UNUSED_VARIABLE = YES;
				IPHONEOS_DEPLOYMENT_TARGET = 13.2;
				MTL_ENABLE_DEBUG_INFO = NO;
				MTL_FAST_MATH = YES;
				SDKROOT = iphoneos;
				SWIFT_COMPILATION_MODE = wholemodule;
				SWIFT_OPTIMIZATION_LEVEL = "-O";
				VALIDATE_PRODUCT = YES;
			};
			name = Release;
		};
		117D449B2420E40600A49F65 /* Debug */ = {
			isa = XCBuildConfiguration;
			baseConfigurationReference = 83844DDBA6893F6C39F4CB0C /* Pods-Weather3Days4ecast.debug.xcconfig */;
			buildSettings = {
				ASSETCATALOG_COMPILER_APPICON_NAME = AppIcon;
				CODE_SIGN_STYLE = Automatic;
				DEVELOPMENT_TEAM = AGV53XD2D4;
				FRAMEWORK_SEARCH_PATHS = "$(inherited)";
				HEADER_SEARCH_PATHS = "$(inherited)";
				INFOPLIST_FILE = Weather3Days4ecast/Info.plist;
				LD_RUNPATH_SEARCH_PATHS = "$(inherited)";
				LIBRARY_SEARCH_PATHS = "$(inherited)";
				PRODUCT_BUNDLE_IDENTIFIER = "com.ra-develop.Weather3Days4ecast";
				PRODUCT_NAME = "$(TARGET_NAME)";
				SWIFT_VERSION = 5.0;
				TARGETED_DEVICE_FAMILY = "1,2";
			};
			name = Debug;
		};
		117D449C2420E40600A49F65 /* Release */ = {
			isa = XCBuildConfiguration;
			baseConfigurationReference = 2BF90047653FD869D0191FF8 /* Pods-Weather3Days4ecast.release.xcconfig */;
			buildSettings = {
				ASSETCATALOG_COMPILER_APPICON_NAME = AppIcon;
				CODE_SIGN_STYLE = Automatic;
				DEVELOPMENT_TEAM = AGV53XD2D4;
				FRAMEWORK_SEARCH_PATHS = "$(inherited)";
				HEADER_SEARCH_PATHS = "$(inherited)";
				INFOPLIST_FILE = Weather3Days4ecast/Info.plist;
				LD_RUNPATH_SEARCH_PATHS = "$(inherited)";
				LIBRARY_SEARCH_PATHS = "$(inherited)";
				PRODUCT_BUNDLE_IDENTIFIER = "com.ra-develop.Weather3Days4ecast";
				PRODUCT_NAME = "$(TARGET_NAME)";
				SWIFT_VERSION = 5.0;
				TARGETED_DEVICE_FAMILY = "1,2";
			};
			name = Release;
		};
		117D449E2420E40600A49F65 /* Debug */ = {
			isa = XCBuildConfiguration;
			baseConfigurationReference = A31C2D13B1CEF239B27F5DDD /* Pods-Weather3Days4ecastTests.debug.xcconfig */;
			buildSettings = {
				ALWAYS_EMBED_SWIFT_STANDARD_LIBRARIES = YES;
				BUNDLE_LOADER = "$(TEST_HOST)";
				CODE_SIGN_STYLE = Automatic;
				DEVELOPMENT_TEAM = AGV53XD2D4;
				FRAMEWORK_SEARCH_PATHS = "$(inherited)";
				HEADER_SEARCH_PATHS = "$(inherited)";
				INFOPLIST_FILE = Weather3Days4ecastTests/Info.plist;
				IPHONEOS_DEPLOYMENT_TARGET = 13.2;
				LD_RUNPATH_SEARCH_PATHS = "$(inherited)";
				LIBRARY_SEARCH_PATHS = "$(inherited)";
				PRODUCT_BUNDLE_IDENTIFIER = "com.ra-develop.Weather3Days4ecastTests";
				PRODUCT_NAME = "$(TARGET_NAME)";
				SWIFT_VERSION = 5.0;
				TARGETED_DEVICE_FAMILY = "1,2";
				TEST_HOST = "$(BUILT_PRODUCTS_DIR)/Weather3Days4ecast.app/Weather3Days4ecast";
			};
			name = Debug;
		};
		117D449F2420E40600A49F65 /* Release */ = {
			isa = XCBuildConfiguration;
			baseConfigurationReference = F814DFB793C3CB84B8464FF2 /* Pods-Weather3Days4ecastTests.release.xcconfig */;
			buildSettings = {
				ALWAYS_EMBED_SWIFT_STANDARD_LIBRARIES = YES;
				BUNDLE_LOADER = "$(TEST_HOST)";
				CODE_SIGN_STYLE = Automatic;
				DEVELOPMENT_TEAM = AGV53XD2D4;
				FRAMEWORK_SEARCH_PATHS = "$(inherited)";
				HEADER_SEARCH_PATHS = "$(inherited)";
				INFOPLIST_FILE = Weather3Days4ecastTests/Info.plist;
				IPHONEOS_DEPLOYMENT_TARGET = 13.2;
				LD_RUNPATH_SEARCH_PATHS = "$(inherited)";
				LIBRARY_SEARCH_PATHS = "$(inherited)";
				PRODUCT_BUNDLE_IDENTIFIER = "com.ra-develop.Weather3Days4ecastTests";
				PRODUCT_NAME = "$(TARGET_NAME)";
				SWIFT_VERSION = 5.0;
				TARGETED_DEVICE_FAMILY = "1,2";
				TEST_HOST = "$(BUILT_PRODUCTS_DIR)/Weather3Days4ecast.app/Weather3Days4ecast";
			};
			name = Release;
		};
		117D44A12420E40600A49F65 /* Debug */ = {
			isa = XCBuildConfiguration;
			baseConfigurationReference = CA18523D50372643DD3C5764 /* Pods-Weather3Days4ecast-Weather3Days4ecastUITests.debug.xcconfig */;
			buildSettings = {
				ALWAYS_EMBED_SWIFT_STANDARD_LIBRARIES = YES;
				CODE_SIGN_STYLE = Automatic;
				DEVELOPMENT_TEAM = AGV53XD2D4;
				FRAMEWORK_SEARCH_PATHS = "$(inherited)";
				HEADER_SEARCH_PATHS = "$(inherited)";
				INFOPLIST_FILE = Weather3Days4ecastUITests/Info.plist;
				LD_RUNPATH_SEARCH_PATHS = "$(inherited)";
				LIBRARY_SEARCH_PATHS = "$(inherited)";
				PRODUCT_BUNDLE_IDENTIFIER = "com.ra-develop.Weather3Days4ecastUITests";
				PRODUCT_NAME = "$(TARGET_NAME)";
				SWIFT_VERSION = 5.0;
				TARGETED_DEVICE_FAMILY = "1,2";
				TEST_TARGET_NAME = Weather3Days4ecast;
			};
			name = Debug;
		};
		117D44A22420E40600A49F65 /* Release */ = {
			isa = XCBuildConfiguration;
			baseConfigurationReference = 18C5E598820F3AE91BF45979 /* Pods-Weather3Days4ecast-Weather3Days4ecastUITests.release.xcconfig */;
			buildSettings = {
				ALWAYS_EMBED_SWIFT_STANDARD_LIBRARIES = YES;
				CODE_SIGN_STYLE = Automatic;
				DEVELOPMENT_TEAM = AGV53XD2D4;
				FRAMEWORK_SEARCH_PATHS = "$(inherited)";
				HEADER_SEARCH_PATHS = "$(inherited)";
				INFOPLIST_FILE = Weather3Days4ecastUITests/Info.plist;
				LD_RUNPATH_SEARCH_PATHS = "$(inherited)";
				LIBRARY_SEARCH_PATHS = "$(inherited)";
				PRODUCT_BUNDLE_IDENTIFIER = "com.ra-develop.Weather3Days4ecastUITests";
				PRODUCT_NAME = "$(TARGET_NAME)";
				SWIFT_VERSION = 5.0;
				TARGETED_DEVICE_FAMILY = "1,2";
				TEST_TARGET_NAME = Weather3Days4ecast;
			};
			name = Release;
		};
/* End XCBuildConfiguration section */

/* Begin XCConfigurationList section */
		117D446B2420E40300A49F65 /* Build configuration list for PBXProject "Weather3Days4ecast" */ = {
			isa = XCConfigurationList;
			buildConfigurations = (
				117D44982420E40600A49F65 /* Debug */,
				117D44992420E40600A49F65 /* Release */,
			);
			defaultConfigurationIsVisible = 0;
			defaultConfigurationName = Release;
		};
		117D449A2420E40600A49F65 /* Build configuration list for PBXNativeTarget "Weather3Days4ecast" */ = {
			isa = XCConfigurationList;
			buildConfigurations = (
				117D449B2420E40600A49F65 /* Debug */,
				117D449C2420E40600A49F65 /* Release */,
			);
			defaultConfigurationIsVisible = 0;
			defaultConfigurationName = Release;
		};
		117D449D2420E40600A49F65 /* Build configuration list for PBXNativeTarget "Weather3Days4ecastTests" */ = {
			isa = XCConfigurationList;
			buildConfigurations = (
				117D449E2420E40600A49F65 /* Debug */,
				117D449F2420E40600A49F65 /* Release */,
			);
			defaultConfigurationIsVisible = 0;
			defaultConfigurationName = Release;
		};
		117D44A02420E40600A49F65 /* Build configuration list for PBXNativeTarget "Weather3Days4ecastUITests" */ = {
			isa = XCConfigurationList;
			buildConfigurations = (
				117D44A12420E40600A49F65 /* Debug */,
				117D44A22420E40600A49F65 /* Release */,
			);
			defaultConfigurationIsVisible = 0;
			defaultConfigurationName = Release;
		};
/* End XCConfigurationList section */
	};
	rootObject = 117D44682420E40300A49F65 /* Project object */;
}
