// !$*UTF8*$!
{
	archiveVersion = 1;
	classes = {
	};
	objectVersion = 50;
	objects = {

/* Begin PBXBuildFile section */
		117D44742420E40300A49F65 /* AppDelegate.swift in Sources */ = {isa = PBXBuildFile; fileRef = 117D44732420E40300A49F65 /* AppDelegate.swift */; };
		117D44762420E40300A49F65 /* SceneDelegate.swift in Sources */ = {isa = PBXBuildFile; fileRef = 117D44752420E40300A49F65 /* SceneDelegate.swift */; };
		117D44782420E40300A49F65 /* ViewController.swift in Sources */ = {isa = PBXBuildFile; fileRef = 117D44772420E40300A49F65 /* ViewController.swift */; };
		117D447B2420E40300A49F65 /* Main.storyboard in Resources */ = {isa = PBXBuildFile; fileRef = 117D44792420E40300A49F65 /* Main.storyboard */; };
		117D447D2420E40500A49F65 /* Assets.xcassets in Resources */ = {isa = PBXBuildFile; fileRef = 117D447C2420E40500A49F65 /* Assets.xcassets */; };
		117D44802420E40500A49F65 /* LaunchScreen.storyboard in Resources */ = {isa = PBXBuildFile; fileRef = 117D447E2420E40500A49F65 /* LaunchScreen.storyboard */; };
		117D448B2420E40600A49F65 /* Weather3Days4ecastTests.swift in Sources */ = {isa = PBXBuildFile; fileRef = 117D448A2420E40600A49F65 /* Weather3Days4ecastTests.swift */; };
		117D44962420E40600A49F65 /* Weather3Days4ecastUITests.swift in Sources */ = {isa = PBXBuildFile; fileRef = 117D44952420E40600A49F65 /* Weather3Days4ecastUITests.swift */; };
/* End PBXBuildFile section */

/* Begin PBXContainerItemProxy section */
		117D44872420E40600A49F65 /* PBXContainerItemProxy */ = {
			isa = PBXContainerItemProxy;
			containerPortal = 117D44682420E40300A49F65 /* Project object */;
			proxyType = 1;
			remoteGlobalIDString = 117D446F2420E40300A49F65;
			remoteInfo = Weather3Days4ecast;
		};
		117D44922420E40600A49F65 /* PBXContainerItemProxy */ = {
			isa = PBXContainerItemProxy;
			containerPortal = 117D44682420E40300A49F65 /* Project object */;
			proxyType = 1;
			remoteGlobalIDString = 117D446F2420E40300A49F65;
			remoteInfo = Weather3Days4ecast;
		};
/* End PBXContainerItemProxy section */

/* Begin PBXFileReference section */
		117D44702420E40300A49F65 /* Weather3Days4ecast.app */ = {isa = PBXFileReference; explicitFileType = wrapper.application; includeInIndex = 0; path = Weather3Days4ecast.app; sourceTree = BUILT_PRODUCTS_DIR; };
		117D44732420E40300A49F65 /* AppDelegate.swift */ = {isa = PBXFileReference; lastKnownFileType = sourcecode.swift; path = AppDelegate.swift; sourceTree = "<group>"; };
		117D44752420E40300A49F65 /* SceneDelegate.swift */ = {isa = PBXFileReference; lastKnownFileType = sourcecode.swift; path = SceneDelegate.swift; sourceTree = "<group>"; };
		117D44772420E40300A49F65 /* ViewController.swift */ = {isa = PBXFileReference; lastKnownFileType = sourcecode.swift; path = ViewController.swift; sourceTree = "<group>"; };
		117D447A2420E40300A49F65 /* Base */ = {isa = PBXFileReference; lastKnownFileType = file.storyboard; name = Base; path = Base.lproj/Main.storyboard; sourceTree = "<group>"; };
		117D447C2420E40500A49F65 /* Assets.xcassets */ = {isa = PBXFileReference; lastKnownFileType = folder.assetcatalog; path = Assets.xcassets; sourceTree = "<group>"; };
		117D447F2420E40500A49F65 /* Base */ = {isa = PBXFileReference; lastKnownFileType = file.storyboard; name = Base; path = Base.lproj/LaunchScreen.storyboard; sourceTree = "<group>"; };
		117D44812420E40500A49F65 /* Info.plist */ = {isa = PBXFileReference; lastKnownFileType = text.plist.xml; path = Info.plist; sourceTree = "<group>"; };
		117D44862420E40600A49F65 /* Weather3Days4ecastTests.xctest */ = {isa = PBXFileReference; explicitFileType = wrapper.cfbundle; includeInIndex = 0; path = Weather3Days4ecastTests.xctest; sourceTree = BUILT_PRODUCTS_DIR; };
		117D448A2420E40600A49F65 /* Weather3Days4ecastTests.swift */ = {isa = PBXFileReference; lastKnownFileType = sourcecode.swift; path = Weather3Days4ecastTests.swift; sourceTree = "<group>"; };
		117D448C2420E40600A49F65 /* Info.plist */ = {isa = PBXFileReference; lastKnownFileType = text.plist.xml; path = Info.plist; sourceTree = "<group>"; };
		117D44912420E40600A49F65 /* Weather3Days4ecastUITests.xctest */ = {isa = PBXFileReference; explicitFileType = wrapper.cfbundle; includeInIndex = 0; path = Weather3Days4ecastUITests.xctest; sourceTree = BUILT_PRODUCTS_DIR; };
		117D44952420E40600A49F65 /* Weather3Days4ecastUITests.swift */ = {isa = PBXFileReference; lastKnownFileType = sourcecode.swift; path = Weather3Days4ecastUITests.swift; sourceTree = "<group>"; };
		117D44972420E40600A49F65 /* Info.plist */ = {isa = PBXFileReference; lastKnownFileType = text.plist.xml; path = Info.plist; sourceTree = "<group>"; };
/* End PBXFileReference section */

/* Begin PBXFrameworksBuildPhase section */
		117D446D2420E40300A49F65 /* Frameworks */ = {
			isa = PBXFrameworksBuildPhase;
			buildActionMask = 2147483647;
			files = (
			);
			runOnlyForDeploymentPostprocessing = 0;
		};
		117D44832420E40600A49F65 /* Frameworks */ = {
			isa = PBXFrameworksBuildPhase;
			buildActionMask = 2147483647;
			files = (
			);
			runOnlyForDeploymentPostprocessing = 0;
		};
		117D448E2420E40600A49F65 /* Frameworks */ = {
			isa = PBXFrameworksBuildPhase;
			buildActionMask = 2147483647;
			files = (
			);
			runOnlyForDeploymentPostprocessing = 0;
		};
/* End PBXFrameworksBuildPhase section */

/* Begin PBXGroup section */
		117D44672420E40300A49F65 = {
			isa = PBXGroup;
			children = (
				117D44722420E40300A49F65 /* Weather3Days4ecast */,
				117D44892420E40600A49F65 /* Weather3Days4ecastTests */,
				117D44942420E40600A49F65 /* Weather3Days4ecastUITests */,
				117D44712420E40300A49F65 /* Products */,
			);
			sourceTree = "<group>";
		};
		117D44712420E40300A49F65 /* Products */ = {
			isa = PBXGroup;
			children = (
				117D44702420E40300A49F65 /* Weather3Days4ecast.app */,
				117D44862420E40600A49F65 /* Weather3Days4ecastTests.xctest */,
				117D44912420E40600A49F65 /* Weather3Days4ecastUITests.xctest */,
			);
			name = Products;
			sourceTree = "<group>";
		};
		117D44722420E40300A49F65 /* Weather3Days4ecast */ = {
			isa = PBXGroup;
			children = (
				117D44732420E40300A49F65 /* AppDelegate.swift */,
				117D44752420E40300A49F65 /* SceneDelegate.swift */,
				117D44772420E40300A49F65 /* ViewController.swift */,
				117D44792420E40300A49F65 /* Main.storyboard */,
				117D447C2420E40500A49F65 /* Assets.xcassets */,
				117D447E2420E40500A49F65 /* LaunchScreen.storyboard */,
				117D44812420E40500A49F65 /* Info.plist */,
			);
			path = Weather3Days4ecast;
			sourceTree = "<group>";
		};
		117D44892420E40600A49F65 /* Weather3Days4ecastTests */ = {
			isa = PBXGroup;
			children = (
				117D448A2420E40600A49F65 /* Weather3Days4ecastTests.swift */,
				117D448C2420E40600A49F65 /* Info.plist */,
			);
			path = Weather3Days4ecastTests;
			sourceTree = "<group>";
		};
		117D44942420E40600A49F65 /* Weather3Days4ecastUITests */ = {
			isa = PBXGroup;
			children = (
				117D44952420E40600A49F65 /* Weather3Days4ecastUITests.swift */,
				117D44972420E40600A49F65 /* Info.plist */,
			);
			path = Weather3Days4ecastUITests;
			sourceTree = "<group>";
		};
/* End PBXGroup section */

/* Begin PBXNativeTarget section */
		117D446F2420E40300A49F65 /* Weather3Days4ecast */ = {
			isa = PBXNativeTarget;
			buildConfigurationList = 117D449A2420E40600A49F65 /* Build configuration list for PBXNativeTarget "Weather3Days4ecast" */;
			buildPhases = (
				117D446C2420E40300A49F65 /* Sources */,
				117D446D2420E40300A49F65 /* Frameworks */,
				117D446E2420E40300A49F65 /* Resources */,
			);
			buildRules = (
			);
			dependencies = (
			);
			name = Weather3Days4ecast;
			productName = Weather3Days4ecast;
			productReference = 117D44702420E40300A49F65 /* Weather3Days4ecast.app */;
			productType = "com.apple.product-type.application";
		};
		117D44852420E40600A49F65 /* Weather3Days4ecastTests */ = {
			isa = PBXNativeTarget;
			buildConfigurationList = 117D449D2420E40600A49F65 /* Build configuration list for PBXNativeTarget "Weather3Days4ecastTests" */;
			buildPhases = (
				117D44822420E40600A49F65 /* Sources */,
				117D44832420E40600A49F65 /* Frameworks */,
				117D44842420E40600A49F65 /* Resources */,
			);
			buildRules = (
			);
			dependencies = (
				117D44882420E40600A49F65 /* PBXTargetDependency */,
			);
			name = Weather3Days4ecastTests;
			productName = Weather3Days4ecastTests;
			productReference = 117D44862420E40600A49F65 /* Weather3Days4ecastTests.xctest */;
			productType = "com.apple.product-type.bundle.unit-test";
		};
		117D44902420E40600A49F65 /* Weather3Days4ecastUITests */ = {
			isa = PBXNativeTarget;
			buildConfigurationList = 117D44A02420E40600A49F65 /* Build configuration list for PBXNativeTarget "Weather3Days4ecastUITests" */;
			buildPhases = (
				117D448D2420E40600A49F65 /* Sources */,
				117D448E2420E40600A49F65 /* Frameworks */,
				117D448F2420E40600A49F65 /* Resources */,
			);
			buildRules = (
			);
			dependencies = (
				117D44932420E40600A49F65 /* PBXTargetDependency */,
			);
			name = Weather3Days4ecastUITests;
			productName = Weather3Days4ecastUITests;
			productReference = 117D44912420E40600A49F65 /* Weather3Days4ecastUITests.xctest */;
			productType = "com.apple.product-type.bundle.ui-testing";
		};
/* End PBXNativeTarget section */

/* Begin PBXProject section */
		117D44682420E40300A49F65 /* Project object */ = {
			isa = PBXProject;
			attributes = {
				LastSwiftUpdateCheck = 1120;
				LastUpgradeCheck = 1120;
				ORGANIZATIONNAME = RA;
				TargetAttributes = {
					117D446F2420E40300A49F65 = {
						CreatedOnToolsVersion = 11.2.1;
					};
					117D44852420E40600A49F65 = {
						CreatedOnToolsVersion = 11.2.1;
						TestTargetID = 117D446F2420E40300A49F65;
					};
					117D44902420E40600A49F65 = {
						CreatedOnToolsVersion = 11.2.1;
						TestTargetID = 117D446F2420E40300A49F65;
					};
				};
			};
			buildConfigurationList = 117D446B2420E40300A49F65 /* Build configuration list for PBXProject "Weather3Days4ecast" */;
			compatibilityVersion = "Xcode 9.3";
			developmentRegion = en;
			hasScannedForEncodings = 0;
			knownRegions = (
				en,
				Base,
			);
			mainGroup = 117D44672420E40300A49F65;
			productRefGroup = 117D44712420E40300A49F65 /* Products */;
			projectDirPath = "";
			projectRoot = "";
			targets = (
				117D446F2420E40300A49F65 /* Weather3Days4ecast */,
				117D44852420E40600A49F65 /* Weather3Days4ecastTests */,
				117D44902420E40600A49F65 /* Weather3Days4ecastUITests */,
			);
		};
/* End PBXProject section */

/* Begin PBXResourcesBuildPhase section */
		117D446E2420E40300A49F65 /* Resources */ = {
			isa = PBXResourcesBuildPhase;
			buildActionMask = 2147483647;
			files = (
				117D44802420E40500A49F65 /* LaunchScreen.storyboard in Resources */,
				117D447D2420E40500A49F65 /* Assets.xcassets in Resources */,
				117D447B2420E40300A49F65 /* Main.storyboard in Resources */,
			);
			runOnlyForDeploymentPostprocessing = 0;
		};
		117D44842420E40600A49F65 /* Resources */ = {
			isa = PBXResourcesBuildPhase;
			buildActionMask = 2147483647;
			files = (
			);
			runOnlyForDeploymentPostprocessing = 0;
		};
		117D448F2420E40600A49F65 /* Resources */ = {
			isa = PBXResourcesBuildPhase;
			buildActionMask = 2147483647;
			files = (
			);
			runOnlyForDeploymentPostprocessing = 0;
		};
/* End PBXResourcesBuildPhase section */

/* Begin PBXSourcesBuildPhase section */
		117D446C2420E40300A49F65 /* Sources */ = {
			isa = PBXSourcesBuildPhase;
			buildActionMask = 2147483647;
			files = (
				117D44782420E40300A49F65 /* ViewController.swift in Sources */,
				117D44742420E40300A49F65 /* AppDelegate.swift in Sources */,
				117D44762420E40300A49F65 /* SceneDelegate.swift in Sources */,
			);
			runOnlyForDeploymentPostprocessing = 0;
		};
		117D44822420E40600A49F65 /* Sources */ = {
			isa = PBXSourcesBuildPhase;
			buildActionMask = 2147483647;
			files = (
				117D448B2420E40600A49F65 /* Weather3Days4ecastTests.swift in Sources */,
			);
			runOnlyForDeploymentPostprocessing = 0;
		};
		117D448D2420E40600A49F65 /* Sources */ = {
			isa = PBXSourcesBuildPhase;
			buildActionMask = 2147483647;
			files = (
				117D44962420E40600A49F65 /* Weather3Days4ecastUITests.swift in Sources */,
			);
			runOnlyForDeploymentPostprocessing = 0;
		};
/* End PBXSourcesBuildPhase section */

/* Begin PBXTargetDependency section */
		117D44882420E40600A49F65 /* PBXTargetDependency */ = {
			isa = PBXTargetDependency;
			target = 117D446F2420E40300A49F65 /* Weather3Days4ecast */;
			targetProxy = 117D44872420E40600A49F65 /* PBXContainerItemProxy */;
		};
		117D44932420E40600A49F65 /* PBXTargetDependency */ = {
			isa = PBXTargetDependency;
			target = 117D446F2420E40300A49F65 /* Weather3Days4ecast */;
			targetProxy = 117D44922420E40600A49F65 /* PBXContainerItemProxy */;
		};
/* End PBXTargetDependency section */

/* Begin PBXVariantGroup section */
		117D44792420E40300A49F65 /* Main.storyboard */ = {
			isa = PBXVariantGroup;
			children = (
				117D447A2420E40300A49F65 /* Base */,
			);
			name = Main.storyboard;
			sourceTree = "<group>";
		};
		117D447E2420E40500A49F65 /* LaunchScreen.storyboard */ = {
			isa = PBXVariantGroup;
			children = (
				117D447F2420E40500A49F65 /* Base */,
			);
			name = LaunchScreen.storyboard;
			sourceTree = "<group>";
		};
/* End PBXVariantGroup section */

/* Begin XCBuildConfiguration section */
		117D44982420E40600A49F65 /* Debug */ = {
			isa = XCBuildConfiguration;
			buildSettings = {
				ALWAYS_SEARCH_USER_PATHS = NO;
				CLANG_ANALYZER_NONNULL = YES;
				CLANG_ANALYZER_NUMBER_OBJECT_CONVERSION = YES_AGGRESSIVE;
				CLANG_CXX_LANGUAGE_STANDARD = "gnu++14";
				CLANG_CXX_LIBRARY = "libc++";
				CLANG_ENABLE_MODULES = YES;
				CLANG_ENABLE_OBJC_ARC = YES;
				CLANG_ENABLE_OBJC_WEAK = YES;
				CLANG_WARN_BLOCK_CAPTURE_AUTORELEASING = YES;
				CLANG_WARN_BOOL_CONVERSION = YES;
				CLANG_WARN_COMMA = YES;
				CLANG_WARN_CONSTANT_CONVERSION = YES;
				CLANG_WARN_DEPRECATED_OBJC_IMPLEMENTATIONS = YES;
				CLANG_WARN_DIRECT_OBJC_ISA_USAGE = YES_ERROR;
				CLANG_WARN_DOCUMENTATION_COMMENTS = YES;
				CLANG_WARN_EMPTY_BODY = YES;
				CLANG_WARN_ENUM_CONVERSION = YES;
				CLANG_WARN_INFINITE_RECURSION = YES;
				CLANG_WARN_INT_CONVERSION = YES;
				CLANG_WARN_NON_LITERAL_NULL_CONVERSION = YES;
				CLANG_WARN_OBJC_IMPLICIT_RETAIN_SELF = YES;
				CLANG_WARN_OBJC_LITERAL_CONVERSION = YES;
				CLANG_WARN_OBJC_ROOT_CLASS = YES_ERROR;
				CLANG_WARN_RANGE_LOOP_ANALYSIS = YES;
				CLANG_WARN_STRICT_PROTOTYPES = YES;
				CLANG_WARN_SUSPICIOUS_MOVE = YES;
				CLANG_WARN_UNGUARDED_AVAILABILITY = YES_AGGRESSIVE;
				CLANG_WARN_UNREACHABLE_CODE = YES;
				CLANG_WARN__DUPLICATE_METHOD_MATCH = YES;
				COPY_PHASE_STRIP = NO;
				DEBUG_INFORMATION_FORMAT = dwarf;
				ENABLE_STRICT_OBJC_MSGSEND = YES;
				ENABLE_TESTABILITY = YES;
				GCC_C_LANGUAGE_STANDARD = gnu11;
				GCC_DYNAMIC_NO_PIC = NO;
				GCC_NO_COMMON_BLOCKS = YES;
				GCC_OPTIMIZATION_LEVEL = 0;
				GCC_PREPROCESSOR_DEFINITIONS = (
					"DEBUG=1",
					"$(inherited)",
				);
				GCC_WARN_64_TO_32_BIT_CONVERSION = YES;
				GCC_WARN_ABOUT_RETURN_TYPE = YES_ERROR;
				GCC_WARN_UNDECLARED_SELECTOR = YES;
				GCC_WARN_UNINITIALIZED_AUTOS = YES_AGGRESSIVE;
				GCC_WARN_UNUSED_FUNCTION = YES;
				GCC_WARN_UNUSED_VARIABLE = YES;
				IPHONEOS_DEPLOYMENT_TARGET = 13.2;
				MTL_ENABLE_DEBUG_INFO = INCLUDE_SOURCE;
				MTL_FAST_MATH = YES;
				ONLY_ACTIVE_ARCH = YES;
				SDKROOT = iphoneos;
				SWIFT_ACTIVE_COMPILATION_CONDITIONS = DEBUG;
				SWIFT_OPTIMIZATION_LEVEL = "-Onone";
			};
			name = Debug;
		};
		117D44992420E40600A49F65 /* Release */ = {
			isa = XCBuildConfiguration;
			buildSettings = {
				ALWAYS_SEARCH_USER_PATHS = NO;
				CLANG_ANALYZER_NONNULL = YES;
				CLANG_ANALYZER_NUMBER_OBJECT_CONVERSION = YES_AGGRESSIVE;
				CLANG_CXX_LANGUAGE_STANDARD = "gnu++14";
				CLANG_CXX_LIBRARY = "libc++";
				CLANG_ENABLE_MODULES = YES;
				CLANG_ENABLE_OBJC_ARC = YES;
				CLANG_ENABLE_OBJC_WEAK = YES;
				CLANG_WARN_BLOCK_CAPTURE_AUTORELEASING = YES;
				CLANG_WARN_BOOL_CONVERSION = YES;
				CLANG_WARN_COMMA = YES;
				CLANG_WARN_CONSTANT_CONVERSION = YES;
				CLANG_WARN_DEPRECATED_OBJC_IMPLEMENTATIONS = YES;
				CLANG_WARN_DIRECT_OBJC_ISA_USAGE = YES_ERROR;
				CLANG_WARN_DOCUMENTATION_COMMENTS = YES;
				CLANG_WARN_EMPTY_BODY = YES;
				CLANG_WARN_ENUM_CONVERSION = YES;
				CLANG_WARN_INFINITE_RECURSION = YES;
				CLANG_WARN_INT_CONVERSION = YES;
				CLANG_WARN_NON_LITERAL_NULL_CONVERSION = YES;
				CLANG_WARN_OBJC_IMPLICIT_RETAIN_SELF = YES;
				CLANG_WARN_OBJC_LITERAL_CONVERSION = YES;
				CLANG_WARN_OBJC_ROOT_CLASS = YES_ERROR;
				CLANG_WARN_RANGE_LOOP_ANALYSIS = YES;
				CLANG_WARN_STRICT_PROTOTYPES = YES;
				CLANG_WARN_SUSPICIOUS_MOVE = YES;
				CLANG_WARN_UNGUARDED_AVAILABILITY = YES_AGGRESSIVE;
				CLANG_WARN_UNREACHABLE_CODE = YES;
				CLANG_WARN__DUPLICATE_METHOD_MATCH = YES;
				COPY_PHASE_STRIP = NO;
				DEBUG_INFORMATION_FORMAT = "dwarf-with-dsym";
				ENABLE_NS_ASSERTIONS = NO;
				ENABLE_STRICT_OBJC_MSGSEND = YES;
				GCC_C_LANGUAGE_STANDARD = gnu11;
				GCC_NO_COMMON_BLOCKS = YES;
				GCC_WARN_64_TO_32_BIT_CONVERSION = YES;
				GCC_WARN_ABOUT_RETURN_TYPE = YES_ERROR;
				GCC_WARN_UNDECLARED_SELECTOR = YES;
				GCC_WARN_UNINITIALIZED_AUTOS = YES_AGGRESSIVE;
				GCC_WARN_UNUSED_FUNCTION = YES;
				GCC_WARN_UNUSED_VARIABLE = YES;
				IPHONEOS_DEPLOYMENT_TARGET = 13.2;
				MTL_ENABLE_DEBUG_INFO = NO;
				MTL_FAST_MATH = YES;
				SDKROOT = iphoneos;
				SWIFT_COMPILATION_MODE = wholemodule;
				SWIFT_OPTIMIZATION_LEVEL = "-O";
				VALIDATE_PRODUCT = YES;
			};
			name = Release;
		};
		117D449B2420E40600A49F65 /* Debug */ = {
			isa = XCBuildConfiguration;
			buildSettings = {
				ASSETCATALOG_COMPILER_APPICON_NAME = AppIcon;
				CODE_SIGN_STYLE = Automatic;
				DEVELOPMENT_TEAM = AGV53XD2D4;
				INFOPLIST_FILE = Weather3Days4ecast/Info.plist;
				LD_RUNPATH_SEARCH_PATHS = (
					"$(inherited)",
					"@executable_path/Frameworks",
				);
				PRODUCT_BUNDLE_IDENTIFIER = "com.ra-develop.Weather3Days4ecast";
				PRODUCT_NAME = "$(TARGET_NAME)";
				SWIFT_VERSION = 5.0;
				TARGETED_DEVICE_FAMILY = "1,2";
			};
			name = Debug;
		};
		117D449C2420E40600A49F65 /* Release */ = {
			isa = XCBuildConfiguration;
			buildSettings = {
				ASSETCATALOG_COMPILER_APPICON_NAME = AppIcon;
				CODE_SIGN_STYLE = Automatic;
				DEVELOPMENT_TEAM = AGV53XD2D4;
				INFOPLIST_FILE = Weather3Days4ecast/Info.plist;
				LD_RUNPATH_SEARCH_PATHS = (
					"$(inherited)",
					"@executable_path/Frameworks",
				);
				PRODUCT_BUNDLE_IDENTIFIER = "com.ra-develop.Weather3Days4ecast";
				PRODUCT_NAME = "$(TARGET_NAME)";
				SWIFT_VERSION = 5.0;
				TARGETED_DEVICE_FAMILY = "1,2";
			};
			name = Release;
		};
		117D449E2420E40600A49F65 /* Debug */ = {
			isa = XCBuildConfiguration;
			buildSettings = {
				ALWAYS_EMBED_SWIFT_STANDARD_LIBRARIES = YES;
				BUNDLE_LOADER = "$(TEST_HOST)";
				CODE_SIGN_STYLE = Automatic;
				DEVELOPMENT_TEAM = AGV53XD2D4;
				INFOPLIST_FILE = Weather3Days4ecastTests/Info.plist;
				IPHONEOS_DEPLOYMENT_TARGET = 13.2;
				LD_RUNPATH_SEARCH_PATHS = (
					"$(inherited)",
					"@executable_path/Frameworks",
					"@loader_path/Frameworks",
				);
				PRODUCT_BUNDLE_IDENTIFIER = "com.ra-develop.Weather3Days4ecastTests";
				PRODUCT_NAME = "$(TARGET_NAME)";
				SWIFT_VERSION = 5.0;
				TARGETED_DEVICE_FAMILY = "1,2";
				TEST_HOST = "$(BUILT_PRODUCTS_DIR)/Weather3Days4ecast.app/Weather3Days4ecast";
			};
			name = Debug;
		};
		117D449F2420E40600A49F65 /* Release */ = {
			isa = XCBuildConfiguration;
			buildSettings = {
				ALWAYS_EMBED_SWIFT_STANDARD_LIBRARIES = YES;
				BUNDLE_LOADER = "$(TEST_HOST)";
				CODE_SIGN_STYLE = Automatic;
				DEVELOPMENT_TEAM = AGV53XD2D4;
				INFOPLIST_FILE = Weather3Days4ecastTests/Info.plist;
				IPHONEOS_DEPLOYMENT_TARGET = 13.2;
				LD_RUNPATH_SEARCH_PATHS = (
					"$(inherited)",
					"@executable_path/Frameworks",
					"@loader_path/Frameworks",
				);
				PRODUCT_BUNDLE_IDENTIFIER = "com.ra-develop.Weather3Days4ecastTests";
				PRODUCT_NAME = "$(TARGET_NAME)";
				SWIFT_VERSION = 5.0;
				TARGETED_DEVICE_FAMILY = "1,2";
				TEST_HOST = "$(BUILT_PRODUCTS_DIR)/Weather3Days4ecast.app/Weather3Days4ecast";
			};
			name = Release;
		};
		117D44A12420E40600A49F65 /* Debug */ = {
			isa = XCBuildConfiguration;
			buildSettings = {
				ALWAYS_EMBED_SWIFT_STANDARD_LIBRARIES = YES;
				CODE_SIGN_STYLE = Automatic;
				DEVELOPMENT_TEAM = AGV53XD2D4;
				INFOPLIST_FILE = Weather3Days4ecastUITests/Info.plist;
				LD_RUNPATH_SEARCH_PATHS = (
					"$(inherited)",
					"@executable_path/Frameworks",
					"@loader_path/Frameworks",
				);
				PRODUCT_BUNDLE_IDENTIFIER = "com.ra-develop.Weather3Days4ecastUITests";
				PRODUCT_NAME = "$(TARGET_NAME)";
				SWIFT_VERSION = 5.0;
				TARGETED_DEVICE_FAMILY = "1,2";
				TEST_TARGET_NAME = Weather3Days4ecast;
			};
			name = Debug;
		};
		117D44A22420E40600A49F65 /* Release */ = {
			isa = XCBuildConfiguration;
			buildSettings = {
				ALWAYS_EMBED_SWIFT_STANDARD_LIBRARIES = YES;
				CODE_SIGN_STYLE = Automatic;
				DEVELOPMENT_TEAM = AGV53XD2D4;
				INFOPLIST_FILE = Weather3Days4ecastUITests/Info.plist;
				LD_RUNPATH_SEARCH_PATHS = (
					"$(inherited)",
					"@executable_path/Frameworks",
					"@loader_path/Frameworks",
				);
				PRODUCT_BUNDLE_IDENTIFIER = "com.ra-develop.Weather3Days4ecastUITests";
				PRODUCT_NAME = "$(TARGET_NAME)";
				SWIFT_VERSION = 5.0;
				TARGETED_DEVICE_FAMILY = "1,2";
				TEST_TARGET_NAME = Weather3Days4ecast;
			};
			name = Release;
		};
/* End XCBuildConfiguration section */

/* Begin XCConfigurationList section */
		117D446B2420E40300A49F65 /* Build configuration list for PBXProject "Weather3Days4ecast" */ = {
			isa = XCConfigurationList;
			buildConfigurations = (
				117D44982420E40600A49F65 /* Debug */,
				117D44992420E40600A49F65 /* Release */,
			);
			defaultConfigurationIsVisible = 0;
			defaultConfigurationName = Release;
		};
		117D449A2420E40600A49F65 /* Build configuration list for PBXNativeTarget "Weather3Days4ecast" */ = {
			isa = XCConfigurationList;
			buildConfigurations = (
				117D449B2420E40600A49F65 /* Debug */,
				117D449C2420E40600A49F65 /* Release */,
			);
			defaultConfigurationIsVisible = 0;
			defaultConfigurationName = Release;
		};
		117D449D2420E40600A49F65 /* Build configuration list for PBXNativeTarget "Weather3Days4ecastTests" */ = {
			isa = XCConfigurationList;
			buildConfigurations = (
				117D449E2420E40600A49F65 /* Debug */,
				117D449F2420E40600A49F65 /* Release */,
			);
			defaultConfigurationIsVisible = 0;
			defaultConfigurationName = Release;
		};
		117D44A02420E40600A49F65 /* Build configuration list for PBXNativeTarget "Weather3Days4ecastUITests" */ = {
			isa = XCConfigurationList;
			buildConfigurations = (
				117D44A12420E40600A49F65 /* Debug */,
				117D44A22420E40600A49F65 /* Release */,
			);
			defaultConfigurationIsVisible = 0;
			defaultConfigurationName = Release;
		};
/* End XCConfigurationList section */
	};
	rootObject = 117D44682420E40300A49F65 /* Project object */;
}
